// !$*UTF8*$!
{
	archiveVersion = 1;
	classes = {
	};
	objectVersion = 50;
	objects = {

/* Begin PBXBuildFile section */
		04EEC89D2253656100F9ACA1 /* AppDelegate.swift in Sources */ = {isa = PBXBuildFile; fileRef = 04EEC89C2253656100F9ACA1 /* AppDelegate.swift */; };
		04EEC89F2253656100F9ACA1 /* ViewController.swift in Sources */ = {isa = PBXBuildFile; fileRef = 04EEC89E2253656100F9ACA1 /* ViewController.swift */; };
		04EEC8A22253656100F9ACA1 /* Main.storyboard in Resources */ = {isa = PBXBuildFile; fileRef = 04EEC8A02253656100F9ACA1 /* Main.storyboard */; };
		04EEC8A42253656300F9ACA1 /* Assets.xcassets in Resources */ = {isa = PBXBuildFile; fileRef = 04EEC8A32253656300F9ACA1 /* Assets.xcassets */; };
		04EEC8A72253656300F9ACA1 /* LaunchScreen.storyboard in Resources */ = {isa = PBXBuildFile; fileRef = 04EEC8A52253656300F9ACA1 /* LaunchScreen.storyboard */; };
		04EEC8B12253710300F9ACA1 /* ThirstySoftRegular.otf in Resources */ = {isa = PBXBuildFile; fileRef = 04EEC8B02253710300F9ACA1 /* ThirstySoftRegular.otf */; };
		04EEC8B32253711100F9ACA1 /* Delm-Medium.otf in Resources */ = {isa = PBXBuildFile; fileRef = 04EEC8B22253711100F9ACA1 /* Delm-Medium.otf */; };
/* End PBXBuildFile section */

/* Begin PBXFileReference section */
		041B7C0B225663EB00735173 /* VAGRoundedStd-Light.otf */ = {isa = PBXFileReference; lastKnownFileType = file; path = "VAGRoundedStd-Light.otf"; sourceTree = "<group>"; };
		04EEC8992253656100F9ACA1 /* Instagrid.app */ = {isa = PBXFileReference; explicitFileType = wrapper.application; includeInIndex = 0; path = Instagrid.app; sourceTree = BUILT_PRODUCTS_DIR; };
		04EEC89C2253656100F9ACA1 /* AppDelegate.swift */ = {isa = PBXFileReference; lastKnownFileType = sourcecode.swift; path = AppDelegate.swift; sourceTree = "<group>"; };
		04EEC89E2253656100F9ACA1 /* ViewController.swift */ = {isa = PBXFileReference; lastKnownFileType = sourcecode.swift; path = ViewController.swift; sourceTree = "<group>"; };
		04EEC8A12253656100F9ACA1 /* Base */ = {isa = PBXFileReference; lastKnownFileType = file.storyboard; name = Base; path = Base.lproj/Main.storyboard; sourceTree = "<group>"; };
		04EEC8A32253656300F9ACA1 /* Assets.xcassets */ = {isa = PBXFileReference; lastKnownFileType = folder.assetcatalog; path = Assets.xcassets; sourceTree = "<group>"; };
		04EEC8A62253656300F9ACA1 /* Base */ = {isa = PBXFileReference; lastKnownFileType = file.storyboard; name = Base; path = Base.lproj/LaunchScreen.storyboard; sourceTree = "<group>"; };
		04EEC8A82253656300F9ACA1 /* Info.plist */ = {isa = PBXFileReference; lastKnownFileType = text.plist.xml; path = Info.plist; sourceTree = "<group>"; };
		04EEC8B02253710300F9ACA1 /* ThirstySoftRegular.otf */ = {isa = PBXFileReference; lastKnownFileType = file; path = ThirstySoftRegular.otf; sourceTree = "<group>"; };
		04EEC8B22253711100F9ACA1 /* Delm-Medium.otf */ = {isa = PBXFileReference; lastKnownFileType = file; path = "Delm-Medium.otf"; sourceTree = "<group>"; };
/* End PBXFileReference section */

/* Begin PBXFrameworksBuildPhase section */
		04EEC8962253656100F9ACA1 /* Frameworks */ = {
			isa = PBXFrameworksBuildPhase;
			buildActionMask = 2147483647;
			files = (
			);
			runOnlyForDeploymentPostprocessing = 0;
		};
/* End PBXFrameworksBuildPhase section */

/* Begin PBXGroup section */
		04EEC8902253656100F9ACA1 = {
			isa = PBXGroup;
			children = (
				04EEC89B2253656100F9ACA1 /* Instagrid */,
				04EEC89A2253656100F9ACA1 /* Products */,
			);
			sourceTree = "<group>";
		};
		04EEC89A2253656100F9ACA1 /* Products */ = {
			isa = PBXGroup;
			children = (
				04EEC8992253656100F9ACA1 /* Instagrid.app */,
			);
			name = Products;
			sourceTree = "<group>";
		};
		04EEC89B2253656100F9ACA1 /* Instagrid */ = {
			isa = PBXGroup;
			children = (
				04EEC8A82253656300F9ACA1 /* Info.plist */,
				04EEC8B422537B4000F9ACA1 /* Model */,
				04EEC8B622537B8F00F9ACA1 /* Controller */,
				04EEC8B522537B7000F9ACA1 /* View */,
				04EEC8B722537BA900F9ACA1 /* SupportingFiles */,
			);
			path = Instagrid;
			sourceTree = "<group>";
		};
		04EEC8B422537B4000F9ACA1 /* Model */ = {
			isa = PBXGroup;
			children = (
			);
			path = Model;
			sourceTree = "<group>";
		};
		04EEC8B522537B7000F9ACA1 /* View */ = {
			isa = PBXGroup;
			children = (
				04EEC8A02253656100F9ACA1 /* Main.storyboard */,
			);
			path = View;
			sourceTree = "<group>";
		};
		04EEC8B622537B8F00F9ACA1 /* Controller */ = {
			isa = PBXGroup;
			children = (
				04EEC89E2253656100F9ACA1 /* ViewController.swift */,
			);
			path = Controller;
			sourceTree = "<group>";
		};
		04EEC8B722537BA900F9ACA1 /* SupportingFiles */ = {
			isa = PBXGroup;
			children = (
				04EEC8A52253656300F9ACA1 /* LaunchScreen.storyboard */,
				04EEC8B22253711100F9ACA1 /* Delm-Medium.otf */,
				04EEC8B02253710300F9ACA1 /* ThirstySoftRegular.otf */,
				041B7C0B225663EB00735173 /* VAGRoundedStd-Light.otf */,
				04EEC8A32253656300F9ACA1 /* Assets.xcassets */,
				04EEC89C2253656100F9ACA1 /* AppDelegate.swift */,
			);
			path = SupportingFiles;
			sourceTree = "<group>";
		};
/* End PBXGroup section */

/* Begin PBXNativeTarget section */
		04EEC8982253656100F9ACA1 /* Instagrid */ = {
			isa = PBXNativeTarget;
			buildConfigurationList = 04EEC8AB2253656300F9ACA1 /* Build configuration list for PBXNativeTarget "Instagrid" */;
			buildPhases = (
				04EEC8952253656100F9ACA1 /* Sources */,
				04EEC8962253656100F9ACA1 /* Frameworks */,
				04EEC8972253656100F9ACA1 /* Resources */,
			);
			buildRules = (
			);
			dependencies = (
			);
			name = Instagrid;
			productName = Instagrid;
			productReference = 04EEC8992253656100F9ACA1 /* Instagrid.app */;
			productType = "com.apple.product-type.application";
		};
/* End PBXNativeTarget section */

/* Begin PBXProject section */
		04EEC8912253656100F9ACA1 /* Project object */ = {
			isa = PBXProject;
			attributes = {
				LastSwiftUpdateCheck = 1010;
				LastUpgradeCheck = 1010;
				ORGANIZATIONNAME = Syadesign;
				TargetAttributes = {
					04EEC8982253656100F9ACA1 = {
						CreatedOnToolsVersion = 10.1;
					};
				};
			};
			buildConfigurationList = 04EEC8942253656100F9ACA1 /* Build configuration list for PBXProject "Instagrid" */;
			compatibilityVersion = "Xcode 9.3";
			developmentRegion = en;
			hasScannedForEncodings = 0;
			knownRegions = (
				en,
				Base,
			);
			mainGroup = 04EEC8902253656100F9ACA1;
			productRefGroup = 04EEC89A2253656100F9ACA1 /* Products */;
			projectDirPath = "";
			projectRoot = "";
			targets = (
				04EEC8982253656100F9ACA1 /* Instagrid */,
			);
		};
/* End PBXProject section */

/* Begin PBXResourcesBuildPhase section */
		04EEC8972253656100F9ACA1 /* Resources */ = {
			isa = PBXResourcesBuildPhase;
			buildActionMask = 2147483647;
			files = (
				04EEC8A72253656300F9ACA1 /* LaunchScreen.storyboard in Resources */,
				04EEC8B32253711100F9ACA1 /* Delm-Medium.otf in Resources */,
				04EEC8A42253656300F9ACA1 /* Assets.xcassets in Resources */,
				04EEC8B12253710300F9ACA1 /* ThirstySoftRegular.otf in Resources */,
				04EEC8A22253656100F9ACA1 /* Main.storyboard in Resources */,
			);
			runOnlyForDeploymentPostprocessing = 0;
		};
/* End PBXResourcesBuildPhase section */

/* Begin PBXSourcesBuildPhase section */
		04EEC8952253656100F9ACA1 /* Sources */ = {
			isa = PBXSourcesBuildPhase;
			buildActionMask = 2147483647;
			files = (
				04EEC89F2253656100F9ACA1 /* ViewController.swift in Sources */,
				04EEC89D2253656100F9ACA1 /* AppDelegate.swift in Sources */,
			);
			runOnlyForDeploymentPostprocessing = 0;
		};
/* End PBXSourcesBuildPhase section */

/* Begin PBXVariantGroup section */
		04EEC8A02253656100F9ACA1 /* Main.storyboard */ = {
			isa = PBXVariantGroup;
			children = (
				04EEC8A12253656100F9ACA1 /* Base */,
			);
			name = Main.storyboard;
			sourceTree = "<group>";
		};
		04EEC8A52253656300F9ACA1 /* LaunchScreen.storyboard */ = {
			isa = PBXVariantGroup;
			children = (
				04EEC8A62253656300F9ACA1 /* Base */,
			);
			name = LaunchScreen.storyboard;
			sourceTree = "<group>";
		};
/* End PBXVariantGroup section */

/* Begin XCBuildConfiguration section */
		04EEC8A92253656300F9ACA1 /* Debug */ = {
			isa = XCBuildConfiguration;
			buildSettings = {
				ALWAYS_SEARCH_USER_PATHS = NO;
				CLANG_ANALYZER_NONNULL = YES;
				CLANG_ANALYZER_NUMBER_OBJECT_CONVERSION = YES_AGGRESSIVE;
				CLANG_CXX_LANGUAGE_STANDARD = "gnu++14";
				CLANG_CXX_LIBRARY = "libc++";
				CLANG_ENABLE_MODULES = YES;
				CLANG_ENABLE_OBJC_ARC = YES;
				CLANG_ENABLE_OBJC_WEAK = YES;
				CLANG_WARN_BLOCK_CAPTURE_AUTORELEASING = YES;
				CLANG_WARN_BOOL_CONVERSION = YES;
				CLANG_WARN_COMMA = YES;
				CLANG_WARN_CONSTANT_CONVERSION = YES;
				CLANG_WARN_DEPRECATED_OBJC_IMPLEMENTATIONS = YES;
				CLANG_WARN_DIRECT_OBJC_ISA_USAGE = YES_ERROR;
				CLANG_WARN_DOCUMENTATION_COMMENTS = YES;
				CLANG_WARN_EMPTY_BODY = YES;
				CLANG_WARN_ENUM_CONVERSION = YES;
				CLANG_WARN_INFINITE_RECURSION = YES;
				CLANG_WARN_INT_CONVERSION = YES;
				CLANG_WARN_NON_LITERAL_NULL_CONVERSION = YES;
				CLANG_WARN_OBJC_IMPLICIT_RETAIN_SELF = YES;
				CLANG_WARN_OBJC_LITERAL_CONVERSION = YES;
				CLANG_WARN_OBJC_ROOT_CLASS = YES_ERROR;
				CLANG_WARN_RANGE_LOOP_ANALYSIS = YES;
				CLANG_WARN_STRICT_PROTOTYPES = YES;
				CLANG_WARN_SUSPICIOUS_MOVE = YES;
				CLANG_WARN_UNGUARDED_AVAILABILITY = YES_AGGRESSIVE;
				CLANG_WARN_UNREACHABLE_CODE = YES;
				CLANG_WARN__DUPLICATE_METHOD_MATCH = YES;
				CODE_SIGN_IDENTITY = "iPhone Developer";
				COPY_PHASE_STRIP = NO;
				DEBUG_INFORMATION_FORMAT = dwarf;
				ENABLE_STRICT_OBJC_MSGSEND = YES;
				ENABLE_TESTABILITY = YES;
				GCC_C_LANGUAGE_STANDARD = gnu11;
				GCC_DYNAMIC_NO_PIC = NO;
				GCC_NO_COMMON_BLOCKS = YES;
				GCC_OPTIMIZATION_LEVEL = 0;
				GCC_PREPROCESSOR_DEFINITIONS = (
					"DEBUG=1",
					"$(inherited)",
				);
				GCC_WARN_64_TO_32_BIT_CONVERSION = YES;
				GCC_WARN_ABOUT_RETURN_TYPE = YES_ERROR;
				GCC_WARN_UNDECLARED_SELECTOR = YES;
				GCC_WARN_UNINITIALIZED_AUTOS = YES_AGGRESSIVE;
				GCC_WARN_UNUSED_FUNCTION = YES;
				GCC_WARN_UNUSED_VARIABLE = YES;
				IPHONEOS_DEPLOYMENT_TARGET = 12.1;
				MTL_ENABLE_DEBUG_INFO = INCLUDE_SOURCE;
				MTL_FAST_MATH = YES;
				ONLY_ACTIVE_ARCH = YES;
				SDKROOT = iphoneos;
				SWIFT_ACTIVE_COMPILATION_CONDITIONS = DEBUG;
				SWIFT_OPTIMIZATION_LEVEL = "-Onone";
			};
			name = Debug;
		};
		04EEC8AA2253656300F9ACA1 /* Release */ = {
			isa = XCBuildConfiguration;
			buildSettings = {
				ALWAYS_SEARCH_USER_PATHS = NO;
				CLANG_ANALYZER_NONNULL = YES;
				CLANG_ANALYZER_NUMBER_OBJECT_CONVERSION = YES_AGGRESSIVE;
				CLANG_CXX_LANGUAGE_STANDARD = "gnu++14";
				CLANG_CXX_LIBRARY = "libc++";
				CLANG_ENABLE_MODULES = YES;
				CLANG_ENABLE_OBJC_ARC = YES;
				CLANG_ENABLE_OBJC_WEAK = YES;
				CLANG_WARN_BLOCK_CAPTURE_AUTORELEASING = YES;
				CLANG_WARN_BOOL_CONVERSION = YES;
				CLANG_WARN_COMMA = YES;
				CLANG_WARN_CONSTANT_CONVERSION = YES;
				CLANG_WARN_DEPRECATED_OBJC_IMPLEMENTATIONS = YES;
				CLANG_WARN_DIRECT_OBJC_ISA_USAGE = YES_ERROR;
				CLANG_WARN_DOCUMENTATION_COMMENTS = YES;
				CLANG_WARN_EMPTY_BODY = YES;
				CLANG_WARN_ENUM_CONVERSION = YES;
				CLANG_WARN_INFINITE_RECURSION = YES;
				CLANG_WARN_INT_CONVERSION = YES;
				CLANG_WARN_NON_LITERAL_NULL_CONVERSION = YES;
				CLANG_WARN_OBJC_IMPLICIT_RETAIN_SELF = YES;
				CLANG_WARN_OBJC_LITERAL_CONVERSION = YES;
				CLANG_WARN_OBJC_ROOT_CLASS = YES_ERROR;
				CLANG_WARN_RANGE_LOOP_ANALYSIS = YES;
				CLANG_WARN_STRICT_PROTOTYPES = YES;
				CLANG_WARN_SUSPICIOUS_MOVE = YES;
				CLANG_WARN_UNGUARDED_AVAILABILITY = YES_AGGRESSIVE;
				CLANG_WARN_UNREACHABLE_CODE = YES;
				CLANG_WARN__DUPLICATE_METHOD_MATCH = YES;
				CODE_SIGN_IDENTITY = "iPhone Developer";
				COPY_PHASE_STRIP = NO;
				DEBUG_INFORMATION_FORMAT = "dwarf-with-dsym";
				ENABLE_NS_ASSERTIONS = NO;
				ENABLE_STRICT_OBJC_MSGSEND = YES;
				GCC_C_LANGUAGE_STANDARD = gnu11;
				GCC_NO_COMMON_BLOCKS = YES;
				GCC_WARN_64_TO_32_BIT_CONVERSION = YES;
				GCC_WARN_ABOUT_RETURN_TYPE = YES_ERROR;
				GCC_WARN_UNDECLARED_SELECTOR = YES;
				GCC_WARN_UNINITIALIZED_AUTOS = YES_AGGRESSIVE;
				GCC_WARN_UNUSED_FUNCTION = YES;
				GCC_WARN_UNUSED_VARIABLE = YES;
				IPHONEOS_DEPLOYMENT_TARGET = 12.1;
				MTL_ENABLE_DEBUG_INFO = NO;
				MTL_FAST_MATH = YES;
				SDKROOT = iphoneos;
				SWIFT_COMPILATION_MODE = wholemodule;
				SWIFT_OPTIMIZATION_LEVEL = "-O";
				VALIDATE_PRODUCT = YES;
			};
			name = Release;
		};
		04EEC8AC2253656300F9ACA1 /* Debug */ = {
			isa = XCBuildConfiguration;
			buildSettings = {
				ASSETCATALOG_COMPILER_APPICON_NAME = AppIcon;
				CODE_SIGN_STYLE = Automatic;
				INFOPLIST_FILE = Instagrid/Info.plist;
				LD_RUNPATH_SEARCH_PATHS = (
					"$(inherited)",
					"@executable_path/Frameworks",
				);
				PRODUCT_BUNDLE_IDENTIFIER = com.syadesign.Instagrid;
				PRODUCT_NAME = "$(TARGET_NAME)";
				SWIFT_VERSION = 4.2;
				TARGETED_DEVICE_FAMILY = "1,2";
			};
			name = Debug;
		};
		04EEC8AD2253656300F9ACA1 /* Release */ = {
			isa = XCBuildConfiguration;
			buildSettings = {
				ASSETCATALOG_COMPILER_APPICON_NAME = AppIcon;
				CODE_SIGN_STYLE = Automatic;
				INFOPLIST_FILE = Instagrid/Info.plist;
				LD_RUNPATH_SEARCH_PATHS = (
					"$(inherited)",
					"@executable_path/Frameworks",
				);
				PRODUCT_BUNDLE_IDENTIFIER = com.syadesign.Instagrid;
				PRODUCT_NAME = "$(TARGET_NAME)";
				SWIFT_VERSION = 4.2;
				TARGETED_DEVICE_FAMILY = "1,2";
			};
			name = Release;
		};
/* End XCBuildConfiguration section */

/* Begin XCConfigurationList section */
		04EEC8942253656100F9ACA1 /* Build configuration list for PBXProject "Instagrid" */ = {
			isa = XCConfigurationList;
			buildConfigurations = (
				04EEC8A92253656300F9ACA1 /* Debug */,
				04EEC8AA2253656300F9ACA1 /* Release */,
			);
			defaultConfigurationIsVisible = 0;
			defaultConfigurationName = Release;
		};
		04EEC8AB2253656300F9ACA1 /* Build configuration list for PBXNativeTarget "Instagrid" */ = {
			isa = XCConfigurationList;
			buildConfigurations = (
				04EEC8AC2253656300F9ACA1 /* Debug */,
				04EEC8AD2253656300F9ACA1 /* Release */,
			);
			defaultConfigurationIsVisible = 0;
			defaultConfigurationName = Release;
		};
/* End XCConfigurationList section */
	};
	rootObject = 04EEC8912253656100F9ACA1 /* Project object */;
}
